
Microsoft Visual Studio Solution File, Format Version 12.00
# Visual Studio 2012
Project("{FAE04EC0-301F-11D3-BF4B-00C04F79EFBC}") = "RectangleIntersection", "RectangleIntersection\RectangleIntersection.csproj", "{533B67B7-DAE0-4BEC-8FB7-5B02F89F57C8}"
EndProject
Project("{FAE04EC0-301F-11D3-BF4B-00C04F79EFBC}") = "RectangleIntersectionTest", "RectangleIntersectionTest\RectangleIntersectionTest.csproj", "{572CA186-E4BF-4AA4-8073-BA2F3EAA0B68}"
EndProject
Global
	GlobalSection(SolutionConfigurationPlatforms) = preSolution
		Debug|Any CPU = Debug|Any CPU
		Release|Any CPU = Release|Any CPU
	EndGlobalSection
	GlobalSection(ProjectConfigurationPlatforms) = postSolution
		{533B67B7-DAE0-4BEC-8FB7-5B02F89F57C8}.Debug|Any CPU.ActiveCfg = Debug|Any CPU
		{533B67B7-DAE0-4BEC-8FB7-5B02F89F57C8}.Debug|Any CPU.Build.0 = Debug|Any CPU
		{533B67B7-DAE0-4BEC-8FB7-5B02F89F57C8}.Release|Any CPU.ActiveCfg = Release|Any CPU
		{533B67B7-DAE0-4BEC-8FB7-5B02F89F57C8}.Release|Any CPU.Build.0 = Release|Any CPU
		{572CA186-E4BF-4AA4-8073-BA2F3EAA0B68}.Debug|Any CPU.ActiveCfg = Debug|Any CPU
		{572CA186-E4BF-4AA4-8073-BA2F3EAA0B68}.Debug|Any CPU.Build.0 = Debug|Any CPU
		{572CA186-E4BF-4AA4-8073-BA2F3EAA0B68}.Release|Any CPU.ActiveCfg = Release|Any CPU
		{572CA186-E4BF-4AA4-8073-BA2F3EAA0B68}.Release|Any CPU.Build.0 = Release|Any CPU
	EndGlobalSection
	GlobalSection(SolutionProperties) = preSolution
		HideSolutionNode = FALSE
	EndGlobalSection
EndGlobal
